{
  "version": 4,
  "terraform_version": "1.3.0",
  "serial": 13,
  "lineage": "5aaf4bf0-581d-9484-cd23-68527db649b7",
  "outputs": {
    "ipv4_address": {
      "value": "188.166.16.229",
      "type": "string"
    }
  },
  "resources": [
    {
      "module": "module.vpn_droplet",
      "mode": "data",
      "type": "digitalocean_image",
      "name": "this",
      "provider": "module.vpn_droplet.provider[\"registry.terraform.io/digitalocean/digitalocean\"]",
      "instances": [
        {
          "schema_version": 0,
          "attributes": {
            "created": "2022-10-14T20:34:31Z",
            "description": "Ubuntu 22.04 (LTS) x64",
            "distribution": "Ubuntu",
            "error_message": "",
            "id": 118857366,
            "image": "118857366",
            "min_disk_size": 7,
            "name": "22.04 (LTS) x64",
            "private": false,
            "regions": [
              "ams2",
              "ams3",
              "blr1",
              "fra1",
              "lon1",
              "nyc1",
              "nyc2",
              "nyc3",
              "sfo1",
              "sfo2",
              "sfo3",
              "sgp1",
              "syd1",
              "tor1"
            ],
            "size_gigabytes": 0.69,
            "slug": "ubuntu-22-04-x64",
            "source": "user",
            "status": "available",
            "tags": [],
            "type": "snapshot"
          },
          "sensitive_attributes": []
        }
      ]
    },
    {
      "module": "module.vpn_droplet",
      "mode": "data",
      "type": "digitalocean_region",
      "name": "this",
      "provider": "module.vpn_droplet.provider[\"registry.terraform.io/digitalocean/digitalocean\"]",
      "instances": [
        {
          "schema_version": 0,
          "attributes": {
            "available": true,
            "features": [
              "backups",
              "image_transfer",
              "install_agent",
              "ipv6",
              "metadata",
              "storage"
            ],
            "id": "terraform-20230120193900616700000001",
            "name": "Amsterdam 3",
            "sizes": [
              "c-16",
              "c-2",
              "c-32",
              "c-4",
              "c-8",
              "c2-16vcpu-32gb",
              "c2-2vcpu-4gb",
              "c2-32vcpu-64gb",
              "c2-4vcpu-8gb",
              "c2-8vcpu-16gb",
              "g-16vcpu-64gb",
              "g-2vcpu-8gb",
              "g-32vcpu-128gb",
              "g-40vcpu-160gb",
              "g-4vcpu-16gb",
              "g-8vcpu-32gb",
              "gd-16vcpu-64gb",
              "gd-2vcpu-8gb",
              "gd-32vcpu-128gb",
              "gd-40vcpu-160gb",
              "gd-4vcpu-16gb",
              "gd-8vcpu-32gb",
              "m-16vcpu-128gb",
              "m-24vcpu-192gb",
              "m-2vcpu-16gb",
              "m-32vcpu-256gb",
              "m-4vcpu-32gb",
              "m-8vcpu-64gb",
              "m3-16vcpu-128gb",
              "m3-24vcpu-192gb",
              "m3-2vcpu-16gb",
              "m3-32vcpu-256gb",
              "m3-4vcpu-32gb",
              "m3-8vcpu-64gb",
              "m6-16vcpu-128gb",
              "m6-24vcpu-192gb",
              "m6-2vcpu-16gb",
              "m6-32vcpu-256gb",
              "m6-4vcpu-32gb",
              "m6-8vcpu-64gb",
              "s-1vcpu-1gb",
              "s-1vcpu-1gb-amd",
              "s-1vcpu-1gb-intel",
              "s-1vcpu-2gb",
              "s-1vcpu-2gb-amd",
              "s-1vcpu-2gb-intel",
              "s-1vcpu-512mb-10gb",
              "s-2vcpu-2gb",
              "s-2vcpu-2gb-amd",
              "s-2vcpu-2gb-intel",
              "s-2vcpu-4gb",
              "s-2vcpu-4gb-amd",
              "s-2vcpu-4gb-intel",
              "s-4vcpu-8gb",
              "s-4vcpu-8gb-amd",
              "s-4vcpu-8gb-intel",
              "s-8vcpu-16gb",
              "s-8vcpu-16gb-amd",
              "s-8vcpu-16gb-intel",
              "so-16vcpu-128gb",
              "so-24vcpu-192gb",
              "so-2vcpu-16gb",
              "so-32vcpu-256gb",
              "so-4vcpu-32gb",
              "so-8vcpu-64gb",
              "so1_5-16vcpu-128gb",
              "so1_5-24vcpu-192gb",
              "so1_5-2vcpu-16gb",
              "so1_5-32vcpu-256gb",
              "so1_5-4vcpu-32gb",
              "so1_5-8vcpu-64gb"
            ],
            "slug": "ams3"
          },
          "sensitive_attributes": []
        }
      ]
    },
    {
      "module": "module.vpn_droplet",
      "mode": "data",
      "type": "digitalocean_sizes",
      "name": "this",
      "provider": "module.vpn_droplet.provider[\"registry.terraform.io/digitalocean/digitalocean\"]",
      "instances": [
        {
          "schema_version": 0,
          "attributes": {
            "filter": [
              {
                "all": false,
                "key": "regions",
                "match_by": "exact",
                "values": [
                  "ams3"
                ]
              },
              {
                "all": false,
                "key": "vcpus",
                "match_by": "exact",
                "values": [
                  "1"
                ]
              }
            ],
            "id": "sizes/4487583929103005868",
            "sizes": [
              {
                "available": true,
                "disk": 10,
                "memory": 512,
                "price_hourly": 0.00595,
                "price_monthly": 4,
                "regions": [
                  "ams3",
                  "fra1",
                  "nyc1",
                  "sfo3",
                  "sgp1",
                  "syd1"
                ],
                "slug": "s-1vcpu-512mb-10gb",
                "transfer": 0.5,
                "vcpus": 1
              },
              {
                "available": true,
                "disk": 25,
                "memory": 1024,
                "price_hourly": 0.00893,
                "price_monthly": 6,
                "regions": [
                  "ams3",
                  "blr1",
                  "fra1",
                  "lon1",
                  "nyc1",
                  "nyc3",
                  "sfo3",
                  "sgp1",
                  "syd1",
                  "tor1"
                ],
                "slug": "s-1vcpu-1gb",
                "transfer": 1,
                "vcpus": 1
              },
              {
                "available": true,
                "disk": 25,
                "memory": 1024,
                "price_hourly": 0.01042,
                "price_monthly": 7,
                "regions": [
                  "ams3",
                  "blr1",
                  "fra1",
                  "lon1",
                  "nyc1",
                  "nyc3",
                  "sfo3",
                  "sgp1",
                  "syd1",
                  "tor1"
                ],
                "slug": "s-1vcpu-1gb-intel",
                "transfer": 1,
                "vcpus": 1
              },
              {
                "available": true,
                "disk": 25,
                "memory": 1024,
                "price_hourly": 0.01042,
                "price_monthly": 7,
                "regions": [
                  "ams3",
                  "blr1",
                  "fra1",
                  "lon1",
                  "nyc1",
                  "nyc3",
                  "sfo3",
                  "sgp1",
                  "syd1",
                  "tor1"
                ],
                "slug": "s-1vcpu-1gb-amd",
                "transfer": 1,
                "vcpus": 1
              },
              {
                "available": true,
                "disk": 50,
                "memory": 2048,
                "price_hourly": 0.01786,
                "price_monthly": 12,
                "regions": [
                  "ams3",
                  "blr1",
                  "fra1",
                  "lon1",
                  "nyc1",
                  "nyc3",
                  "sfo3",
                  "sgp1",
                  "syd1",
                  "tor1"
                ],
                "slug": "s-1vcpu-2gb",
                "transfer": 2,
                "vcpus": 1
              },
              {
                "available": true,
                "disk": 50,
                "memory": 2048,
                "price_hourly": 0.02083,
                "price_monthly": 14,
                "regions": [
                  "ams3",
                  "blr1",
                  "fra1",
                  "lon1",
                  "nyc1",
                  "nyc3",
                  "sfo3",
                  "sgp1",
                  "syd1",
                  "tor1"
                ],
                "slug": "s-1vcpu-2gb-intel",
                "transfer": 2,
                "vcpus": 1
              },
              {
                "available": true,
                "disk": 50,
                "memory": 2048,
                "price_hourly": 0.02083,
                "price_monthly": 14,
                "regions": [
                  "ams3",
                  "blr1",
                  "fra1",
                  "lon1",
                  "nyc1",
                  "nyc3",
                  "sfo3",
                  "sgp1",
                  "syd1",
                  "tor1"
                ],
                "slug": "s-1vcpu-2gb-amd",
                "transfer": 2,
                "vcpus": 1
              }
            ],
            "sort": [
              {
                "direction": "asc",
                "key": "price_monthly"
              }
            ]
          },
          "sensitive_attributes": []
        }
      ]
    },
    {
      "module": "module.vpn_droplet",
      "mode": "managed",
      "type": "digitalocean_droplet",
      "name": "this",
      "provider": "module.vpn_droplet.provider[\"registry.terraform.io/digitalocean/digitalocean\"]",
      "instances": [
        {
          "schema_version": 1,
          "attributes": {
            "backups": false,
            "created_at": "2023-01-20T19:34:20Z",
            "disk": 10,
            "droplet_agent": null,
            "graceful_shutdown": false,
            "id": "336750130",
            "image": "118857366",
            "ipv4_address": "188.166.16.229",
            "ipv4_address_private": "10.110.0.3",
            "ipv6": false,
            "ipv6_address": "",
            "locked": false,
            "memory": 512,
            "monitoring": false,
            "name": "vpn",
            "price_hourly": 0.00595,
            "price_monthly": 4,
            "private_networking": true,
            "region": "ams3",
            "resize_disk": true,
            "size": "s-1vcpu-512mb-10gb",
            "ssh_keys": [
              "28:00:1a:7b:79:5f:76:f9:15:21:74:b7:da:62:ae:ca"
            ],
            "status": "active",
            "tags": [],
            "timeouts": null,
            "urn": "do:droplet:336750130",
            "user_data": null,
            "vcpus": 1,
            "volume_ids": [],
            "vpc_uuid": "649bd6ce-bfc3-46fc-b5ba-ca5ab1a929ba"
          },
          "sensitive_attributes": [],
          "private": "eyJlMmJmYjczMC1lY2FhLTExZTYtOGY4OC0zNDM2M2JjN2M0YzAiOnsiY3JlYXRlIjozNjAwMDAwMDAwMDAwLCJkZWxldGUiOjYwMDAwMDAwMDAwLCJ1cGRhdGUiOjM2MDAwMDAwMDAwMDB9LCJzY2hlbWFfdmVyc2lvbiI6IjEifQ==",
          "dependencies": [
            "module.vpn_droplet.data.digitalocean_image.this",
            "module.vpn_droplet.data.digitalocean_region.this",
            "module.vpn_droplet.data.digitalocean_sizes.this",
            "module.vpn_droplet.digitalocean_ssh_key.default"
          ]
        }
      ]
    },
    {
      "module": "module.vpn_droplet",
      "mode": "managed",
      "type": "digitalocean_ssh_key",
      "name": "default",
      "provider": "module.vpn_droplet.provider[\"registry.terraform.io/digitalocean/digitalocean\"]",
      "instances": [
        {
          "schema_version": 0,
          "attributes": {
            "fingerprint": "28:00:1a:7b:79:5f:76:f9:15:21:74:b7:da:62:ae:ca",
            "id": "37319180",
            "name": "main_SSH_key",
            "public_key": "ssh-rsa AAAAB3NzaC1yc2EAAAADAQABAAABgQCsic7ZYhto5n+f4zFxbQT7NCRSLmcAbSC0Fdof3TrTxwo6D2Wy5zl5lhFfpVwn5BI5fSOE1vIHeG0JPP28wthkOK0ygliTm95OtaZOCaTXlMtz3l5CiocUBzZodHhcY3iEe19koRN2BleASGKwU1TM2yAEU92fbwh+lLV9eUlyYdnbADNcYDr1/agbsBiS8dhFIdpuALoBVCD2oCxyD1Yl+pKGA6WVSuvV/3Tfok8H3eH9UOKinz/MddTsty3BoJ3TShti+TvrJciX9fiQWR3r4I7/rnIHnSTsCLSu+48UG3EXVOaSUGoI1SRD7pFM6CftzWdQ1V6+nZ4a+7hupg+ssZObuwShYYQEensT+UdWdXybKzsY+TXTSX0uEvbXmGqQi0UgKfYuFTvXmJzKI2HgcTKVYAMh6ctXMDwbAtjKFaH85/7umhhQqEwoihzza6A3MyYSOfJhLsN2PSt9Gjcyo46Fv5bCruy392i0eB/8HQCKerw3NrB4saKE8px3fu8=\n"
          },
          "sensitive_attributes": [],
          "private": "bnVsbA=="
        }
      ]
    }
  ],
  "check_results": []
}
